
Microsoft Visual Studio Solution File, Format Version 12.00
# Visual Studio Version 17
VisualStudioVersion = 17.3.32819.101
MinimumVisualStudioVersion = 10.0.40219.1
Project("{FAE04EC0-301F-11D3-BF4B-00C04F79EFBC}") = "salon1", "salon1.csproj", "{974687F6-D557-4B6D-BB7D-0BA225BE2FF9}"
EndProject
Global
	GlobalSection(SolutionConfigurationPlatforms) = preSolution
		Debug|Any CPU = Debug|Any CPU
		Release|Any CPU = Release|Any CPU
	EndGlobalSection
	GlobalSection(ProjectConfigurationPlatforms) = postSolution
		{974687F6-D557-4B6D-BB7D-0BA225BE2FF9}.Debug|Any CPU.ActiveCfg = Debug|Any CPU
		{974687F6-D557-4B6D-BB7D-0BA225BE2FF9}.Debug|Any CPU.Build.0 = Debug|Any CPU
		{974687F6-D557-4B6D-BB7D-0BA225BE2FF9}.Release|Any CPU.ActiveCfg = Release|Any CPU
		{974687F6-D557-4B6D-BB7D-0BA225BE2FF9}.Release|Any CPU.Build.0 = Release|Any CPU
	EndGlobalSection
	GlobalSection(SolutionProperties) = preSolution
		HideSolutionNode = FALSE
	EndGlobalSection
	GlobalSection(ExtensibilityGlobals) = postSolution
		SolutionGuid = {09E62219-57EC-4D42-8023-619D27087934}
	EndGlobalSection
EndGlobal
